// !$*UTF8*$!
{
	archiveVersion = 1;
	classes = {
	};
	objectVersion = 56;
	objects = {

/* Begin PBXBuildFile section */
		430E2EA12A99DA3D00899BA0 /* AppDelegate.swift in Sources */ = {isa = PBXBuildFile; fileRef = 430E2EA02A99DA3D00899BA0 /* AppDelegate.swift */; };
		430E2EA32A99DA3D00899BA0 /* SceneDelegate.swift in Sources */ = {isa = PBXBuildFile; fileRef = 430E2EA22A99DA3D00899BA0 /* SceneDelegate.swift */; };
		430E2EA52A99DA3D00899BA0 /* ItemViewController.swift in Sources */ = {isa = PBXBuildFile; fileRef = 430E2EA42A99DA3D00899BA0 /* ItemViewController.swift */; };
		430E2EA82A99DA3D00899BA0 /* Main.storyboard in Resources */ = {isa = PBXBuildFile; fileRef = 430E2EA62A99DA3D00899BA0 /* Main.storyboard */; };
		430E2EAA2A99DA3F00899BA0 /* Assets.xcassets in Resources */ = {isa = PBXBuildFile; fileRef = 430E2EA92A99DA3F00899BA0 /* Assets.xcassets */; };
		430E2EAD2A99DA3F00899BA0 /* LaunchScreen.storyboard in Resources */ = {isa = PBXBuildFile; fileRef = 430E2EAB2A99DA3F00899BA0 /* LaunchScreen.storyboard */; };
		430E2EB62A99DACF00899BA0 /* Realm in Frameworks */ = {isa = PBXBuildFile; productRef = 430E2EB52A99DACF00899BA0 /* Realm */; };
		430E2EB82A99DACF00899BA0 /* RealmSwift in Frameworks */ = {isa = PBXBuildFile; productRef = 430E2EB72A99DACF00899BA0 /* RealmSwift */; };
		430E2EBD2A99DC6900899BA0 /* ItemTableViewCell.swift in Sources */ = {isa = PBXBuildFile; fileRef = 430E2EBB2A99DC6900899BA0 /* ItemTableViewCell.swift */; };
		430E2EBE2A99DC6900899BA0 /* ItemTableViewCell.xib in Resources */ = {isa = PBXBuildFile; fileRef = 430E2EBC2A99DC6900899BA0 /* ItemTableViewCell.xib */; };
		430E2EC02A99E07900899BA0 /* NewItemViewController.swift in Sources */ = {isa = PBXBuildFile; fileRef = 430E2EBF2A99E07900899BA0 /* NewItemViewController.swift */; };
		430E2EC22A99FC7000899BA0 /* Category.swift in Sources */ = {isa = PBXBuildFile; fileRef = 430E2EC12A99FC7000899BA0 /* Category.swift */; };
		430E2EC42A9A006500899BA0 /* CategoryViewController.swift in Sources */ = {isa = PBXBuildFile; fileRef = 430E2EC32A9A006500899BA0 /* CategoryViewController.swift */; };
		430E2EC62A9A062A00899BA0 /* NewCategoryViewController.swift in Sources */ = {isa = PBXBuildFile; fileRef = 430E2EC52A9A062A00899BA0 /* NewCategoryViewController.swift */; };
		435EC1352AA5A176003C836D /* ShoppingItem.swift in Sources */ = {isa = PBXBuildFile; fileRef = 435EC1342AA5A176003C836D /* ShoppingItem.swift */; };
/* End PBXBuildFile section */

/* Begin PBXFileReference section */
		430E2E9D2A99DA3D00899BA0 /* RealmKakeibo.app */ = {isa = PBXFileReference; explicitFileType = wrapper.application; includeInIndex = 0; path = RealmKakeibo.app; sourceTree = BUILT_PRODUCTS_DIR; };
		430E2EA02A99DA3D00899BA0 /* AppDelegate.swift */ = {isa = PBXFileReference; lastKnownFileType = sourcecode.swift; path = AppDelegate.swift; sourceTree = "<group>"; };
		430E2EA22A99DA3D00899BA0 /* SceneDelegate.swift */ = {isa = PBXFileReference; lastKnownFileType = sourcecode.swift; path = SceneDelegate.swift; sourceTree = "<group>"; };
		430E2EA42A99DA3D00899BA0 /* ItemViewController.swift */ = {isa = PBXFileReference; lastKnownFileType = sourcecode.swift; path = ItemViewController.swift; sourceTree = "<group>"; };
		430E2EA72A99DA3D00899BA0 /* Base */ = {isa = PBXFileReference; lastKnownFileType = file.storyboard; name = Base; path = Base.lproj/Main.storyboard; sourceTree = "<group>"; };
		430E2EA92A99DA3F00899BA0 /* Assets.xcassets */ = {isa = PBXFileReference; lastKnownFileType = folder.assetcatalog; path = Assets.xcassets; sourceTree = "<group>"; };
		430E2EAC2A99DA3F00899BA0 /* Base */ = {isa = PBXFileReference; lastKnownFileType = file.storyboard; name = Base; path = Base.lproj/LaunchScreen.storyboard; sourceTree = "<group>"; };
		430E2EAE2A99DA3F00899BA0 /* Info.plist */ = {isa = PBXFileReference; lastKnownFileType = text.plist.xml; path = Info.plist; sourceTree = "<group>"; };
		430E2EBB2A99DC6900899BA0 /* ItemTableViewCell.swift */ = {isa = PBXFileReference; lastKnownFileType = sourcecode.swift; path = ItemTableViewCell.swift; sourceTree = "<group>"; };
		430E2EBC2A99DC6900899BA0 /* ItemTableViewCell.xib */ = {isa = PBXFileReference; lastKnownFileType = file.xib; path = ItemTableViewCell.xib; sourceTree = "<group>"; };
		430E2EBF2A99E07900899BA0 /* NewItemViewController.swift */ = {isa = PBXFileReference; lastKnownFileType = sourcecode.swift; path = NewItemViewController.swift; sourceTree = "<group>"; };
		430E2EC12A99FC7000899BA0 /* Category.swift */ = {isa = PBXFileReference; lastKnownFileType = sourcecode.swift; path = Category.swift; sourceTree = "<group>"; };
		430E2EC32A9A006500899BA0 /* CategoryViewController.swift */ = {isa = PBXFileReference; lastKnownFileType = sourcecode.swift; path = CategoryViewController.swift; sourceTree = "<group>"; };
		430E2EC52A9A062A00899BA0 /* NewCategoryViewController.swift */ = {isa = PBXFileReference; lastKnownFileType = sourcecode.swift; path = NewCategoryViewController.swift; sourceTree = "<group>"; };
		435EC1342AA5A176003C836D /* ShoppingItem.swift */ = {isa = PBXFileReference; lastKnownFileType = sourcecode.swift; path = ShoppingItem.swift; sourceTree = "<group>"; };
/* End PBXFileReference section */

/* Begin PBXFrameworksBuildPhase section */
		430E2E9A2A99DA3D00899BA0 /* Frameworks */ = {
			isa = PBXFrameworksBuildPhase;
			buildActionMask = 2147483647;
			files = (
				430E2EB82A99DACF00899BA0 /* RealmSwift in Frameworks */,
				430E2EB62A99DACF00899BA0 /* Realm in Frameworks */,
			);
			runOnlyForDeploymentPostprocessing = 0;
		};
/* End PBXFrameworksBuildPhase section */

/* Begin PBXGroup section */
		430E2E942A99DA3D00899BA0 = {
			isa = PBXGroup;
			children = (
				430E2E9F2A99DA3D00899BA0 /* RealmKakeibo */,
				430E2E9E2A99DA3D00899BA0 /* Products */,
			);
			sourceTree = "<group>";
		};
		430E2E9E2A99DA3D00899BA0 /* Products */ = {
			isa = PBXGroup;
			children = (
				430E2E9D2A99DA3D00899BA0 /* RealmKakeibo.app */,
			);
			name = Products;
			sourceTree = "<group>";
		};
		430E2E9F2A99DA3D00899BA0 /* RealmKakeibo */ = {
			isa = PBXGroup;
			children = (
				430E2EA02A99DA3D00899BA0 /* AppDelegate.swift */,
				430E2EA22A99DA3D00899BA0 /* SceneDelegate.swift */,
				430E2EA42A99DA3D00899BA0 /* ItemViewController.swift */,
				430E2EA62A99DA3D00899BA0 /* Main.storyboard */,
				430E2EA92A99DA3F00899BA0 /* Assets.xcassets */,
				430E2EAB2A99DA3F00899BA0 /* LaunchScreen.storyboard */,
				430E2EAE2A99DA3F00899BA0 /* Info.plist */,
				430E2EBB2A99DC6900899BA0 /* ItemTableViewCell.swift */,
				430E2EBC2A99DC6900899BA0 /* ItemTableViewCell.xib */,
				430E2EBF2A99E07900899BA0 /* NewItemViewController.swift */,
				430E2EC12A99FC7000899BA0 /* Category.swift */,
				430E2EC32A9A006500899BA0 /* CategoryViewController.swift */,
				430E2EC52A9A062A00899BA0 /* NewCategoryViewController.swift */,
				435EC1342AA5A176003C836D /* ShoppingItem.swift */,
			);
			path = RealmKakeibo;
			sourceTree = "<group>";
		};
/* End PBXGroup section */

/* Begin PBXNativeTarget section */
		430E2E9C2A99DA3D00899BA0 /* RealmKakeibo */ = {
			isa = PBXNativeTarget;
			buildConfigurationList = 430E2EB12A99DA3F00899BA0 /* Build configuration list for PBXNativeTarget "RealmKakeibo" */;
			buildPhases = (
				430E2E992A99DA3D00899BA0 /* Sources */,
				430E2E9A2A99DA3D00899BA0 /* Frameworks */,
				430E2E9B2A99DA3D00899BA0 /* Resources */,
			);
			buildRules = (
			);
			dependencies = (
			);
			name = RealmKakeibo;
			packageProductDependencies = (
				430E2EB52A99DACF00899BA0 /* Realm */,
				430E2EB72A99DACF00899BA0 /* RealmSwift */,
			);
			productName = RealmKakeibo;
			productReference = 430E2E9D2A99DA3D00899BA0 /* RealmKakeibo.app */;
			productType = "com.apple.product-type.application";
		};
/* End PBXNativeTarget section */

/* Begin PBXProject section */
		430E2E952A99DA3D00899BA0 /* Project object */ = {
			isa = PBXProject;
			attributes = {
				BuildIndependentTargetsInParallel = 1;
				LastSwiftUpdateCheck = 1430;
				LastUpgradeCheck = 1430;
				TargetAttributes = {
					430E2E9C2A99DA3D00899BA0 = {
						CreatedOnToolsVersion = 14.3.1;
					};
				};
			};
			buildConfigurationList = 430E2E982A99DA3D00899BA0 /* Build configuration list for PBXProject "RealmKakeibo" */;
			compatibilityVersion = "Xcode 14.0";
			developmentRegion = en;
			hasScannedForEncodings = 0;
			knownRegions = (
				en,
				Base,
			);
			mainGroup = 430E2E942A99DA3D00899BA0;
			packageReferences = (
				430E2EB42A99DACF00899BA0 /* XCRemoteSwiftPackageReference "realm-swift" */,
			);
			productRefGroup = 430E2E9E2A99DA3D00899BA0 /* Products */;
			projectDirPath = "";
			projectRoot = "";
			targets = (
				430E2E9C2A99DA3D00899BA0 /* RealmKakeibo */,
			);
		};
/* End PBXProject section */

/* Begin PBXResourcesBuildPhase section */
		430E2E9B2A99DA3D00899BA0 /* Resources */ = {
			isa = PBXResourcesBuildPhase;
			buildActionMask = 2147483647;
			files = (
				430E2EBE2A99DC6900899BA0 /* ItemTableViewCell.xib in Resources */,
				430E2EAD2A99DA3F00899BA0 /* LaunchScreen.storyboard in Resources */,
				430E2EAA2A99DA3F00899BA0 /* Assets.xcassets in Resources */,
				430E2EA82A99DA3D00899BA0 /* Main.storyboard in Resources */,
			);
			runOnlyForDeploymentPostprocessing = 0;
		};
/* End PBXResourcesBuildPhase section */

/* Begin PBXSourcesBuildPhase section */
		430E2E992A99DA3D00899BA0 /* Sources */ = {
			isa = PBXSourcesBuildPhase;
			buildActionMask = 2147483647;
			files = (
				430E2EA52A99DA3D00899BA0 /* ItemViewController.swift in Sources */,
				430E2EC62A9A062A00899BA0 /* NewCategoryViewController.swift in Sources */,
				430E2EA12A99DA3D00899BA0 /* AppDelegate.swift in Sources */,
				430E2EC02A99E07900899BA0 /* NewItemViewController.swift in Sources */,
				430E2EBD2A99DC6900899BA0 /* ItemTableViewCell.swift in Sources */,
				430E2EC42A9A006500899BA0 /* CategoryViewController.swift in Sources */,
				435EC1352AA5A176003C836D /* ShoppingItem.swift in Sources */,
				430E2EA32A99DA3D00899BA0 /* SceneDelegate.swift in Sources */,
				430E2EC22A99FC7000899BA0 /* Category.swift in Sources */,
			);
			runOnlyForDeploymentPostprocessing = 0;
		};
/* End PBXSourcesBuildPhase section */

/* Begin PBXVariantGroup section */
		430E2EA62A99DA3D00899BA0 /* Main.storyboard */ = {
			isa = PBXVariantGroup;
			children = (
				430E2EA72A99DA3D00899BA0 /* Base */,
			);
			name = Main.storyboard;
			sourceTree = "<group>";
		};
		430E2EAB2A99DA3F00899BA0 /* LaunchScreen.storyboard */ = {
			isa = PBXVariantGroup;
			children = (
				430E2EAC2A99DA3F00899BA0 /* Base */,
			);
			name = LaunchScreen.storyboard;
			sourceTree = "<group>";
		};
/* End PBXVariantGroup section */

/* Begin XCBuildConfiguration section */
		430E2EAF2A99DA3F00899BA0 /* Debug */ = {
			isa = XCBuildConfiguration;
			buildSettings = {
				ALWAYS_SEARCH_USER_PATHS = NO;
				CLANG_ANALYZER_NONNULL = YES;
				CLANG_ANALYZER_NUMBER_OBJECT_CONVERSION = YES_AGGRESSIVE;
				CLANG_CXX_LANGUAGE_STANDARD = "gnu++20";
				CLANG_ENABLE_MODULES = YES;
				CLANG_ENABLE_OBJC_ARC = YES;
				CLANG_ENABLE_OBJC_WEAK = YES;
				CLANG_WARN_BLOCK_CAPTURE_AUTORELEASING = YES;
				CLANG_WARN_BOOL_CONVERSION = YES;
				CLANG_WARN_COMMA = YES;
				CLANG_WARN_CONSTANT_CONVERSION = YES;
				CLANG_WARN_DEPRECATED_OBJC_IMPLEMENTATIONS = YES;
				CLANG_WARN_DIRECT_OBJC_ISA_USAGE = YES_ERROR;
				CLANG_WARN_DOCUMENTATION_COMMENTS = YES;
				CLANG_WARN_EMPTY_BODY = YES;
				CLANG_WARN_ENUM_CONVERSION = YES;
				CLANG_WARN_INFINITE_RECURSION = YES;
				CLANG_WARN_INT_CONVERSION = YES;
				CLANG_WARN_NON_LITERAL_NULL_CONVERSION = YES;
				CLANG_WARN_OBJC_IMPLICIT_RETAIN_SELF = YES;
				CLANG_WARN_OBJC_LITERAL_CONVERSION = YES;
				CLANG_WARN_OBJC_ROOT_CLASS = YES_ERROR;
				CLANG_WARN_QUOTED_INCLUDE_IN_FRAMEWORK_HEADER = YES;
				CLANG_WARN_RANGE_LOOP_ANALYSIS = YES;
				CLANG_WARN_STRICT_PROTOTYPES = YES;
				CLANG_WARN_SUSPICIOUS_MOVE = YES;
				CLANG_WARN_UNGUARDED_AVAILABILITY = YES_AGGRESSIVE;
				CLANG_WARN_UNREACHABLE_CODE = YES;
				CLANG_WARN__DUPLICATE_METHOD_MATCH = YES;
				COPY_PHASE_STRIP = NO;
				DEBUG_INFORMATION_FORMAT = dwarf;
				ENABLE_STRICT_OBJC_MSGSEND = YES;
				ENABLE_TESTABILITY = YES;
				GCC_C_LANGUAGE_STANDARD = gnu11;
				GCC_DYNAMIC_NO_PIC = NO;
				GCC_NO_COMMON_BLOCKS = YES;
				GCC_OPTIMIZATION_LEVEL = 0;
				GCC_PREPROCESSOR_DEFINITIONS = (
					"DEBUG=1",
					"$(inherited)",
				);
				GCC_WARN_64_TO_32_BIT_CONVERSION = YES;
				GCC_WARN_ABOUT_RETURN_TYPE = YES_ERROR;
				GCC_WARN_UNDECLARED_SELECTOR = YES;
				GCC_WARN_UNINITIALIZED_AUTOS = YES_AGGRESSIVE;
				GCC_WARN_UNUSED_FUNCTION = YES;
				GCC_WARN_UNUSED_VARIABLE = YES;
				IPHONEOS_DEPLOYMENT_TARGET = 16.4;
				MTL_ENABLE_DEBUG_INFO = INCLUDE_SOURCE;
				MTL_FAST_MATH = YES;
				ONLY_ACTIVE_ARCH = YES;
				SDKROOT = iphoneos;
				SWIFT_ACTIVE_COMPILATION_CONDITIONS = DEBUG;
				SWIFT_OPTIMIZATION_LEVEL = "-Onone";
			};
			name = Debug;
		};
		430E2EB02A99DA3F00899BA0 /* Release */ = {
			isa = XCBuildConfiguration;
			buildSettings = {
				ALWAYS_SEARCH_USER_PATHS = NO;
				CLANG_ANALYZER_NONNULL = YES;
				CLANG_ANALYZER_NUMBER_OBJECT_CONVERSION = YES_AGGRESSIVE;
				CLANG_CXX_LANGUAGE_STANDARD = "gnu++20";
				CLANG_ENABLE_MODULES = YES;
				CLANG_ENABLE_OBJC_ARC = YES;
				CLANG_ENABLE_OBJC_WEAK = YES;
				CLANG_WARN_BLOCK_CAPTURE_AUTORELEASING = YES;
				CLANG_WARN_BOOL_CONVERSION = YES;
				CLANG_WARN_COMMA = YES;
				CLANG_WARN_CONSTANT_CONVERSION = YES;
				CLANG_WARN_DEPRECATED_OBJC_IMPLEMENTATIONS = YES;
				CLANG_WARN_DIRECT_OBJC_ISA_USAGE = YES_ERROR;
				CLANG_WARN_DOCUMENTATION_COMMENTS = YES;
				CLANG_WARN_EMPTY_BODY = YES;
				CLANG_WARN_ENUM_CONVERSION = YES;
				CLANG_WARN_INFINITE_RECURSION = YES;
				CLANG_WARN_INT_CONVERSION = YES;
				CLANG_WARN_NON_LITERAL_NULL_CONVERSION = YES;
				CLANG_WARN_OBJC_IMPLICIT_RETAIN_SELF = YES;
				CLANG_WARN_OBJC_LITERAL_CONVERSION = YES;
				CLANG_WARN_OBJC_ROOT_CLASS = YES_ERROR;
				CLANG_WARN_QUOTED_INCLUDE_IN_FRAMEWORK_HEADER = YES;
				CLANG_WARN_RANGE_LOOP_ANALYSIS = YES;
				CLANG_WARN_STRICT_PROTOTYPES = YES;
				CLANG_WARN_SUSPICIOUS_MOVE = YES;
				CLANG_WARN_UNGUARDED_AVAILABILITY = YES_AGGRESSIVE;
				CLANG_WARN_UNREACHABLE_CODE = YES;
				CLANG_WARN__DUPLICATE_METHOD_MATCH = YES;
				COPY_PHASE_STRIP = NO;
				DEBUG_INFORMATION_FORMAT = "dwarf-with-dsym";
				ENABLE_NS_ASSERTIONS = NO;
				ENABLE_STRICT_OBJC_MSGSEND = YES;
				GCC_C_LANGUAGE_STANDARD = gnu11;
				GCC_NO_COMMON_BLOCKS = YES;
				GCC_WARN_64_TO_32_BIT_CONVERSION = YES;
				GCC_WARN_ABOUT_RETURN_TYPE = YES_ERROR;
				GCC_WARN_UNDECLARED_SELECTOR = YES;
				GCC_WARN_UNINITIALIZED_AUTOS = YES_AGGRESSIVE;
				GCC_WARN_UNUSED_FUNCTION = YES;
				GCC_WARN_UNUSED_VARIABLE = YES;
				IPHONEOS_DEPLOYMENT_TARGET = 16.4;
				MTL_ENABLE_DEBUG_INFO = NO;
				MTL_FAST_MATH = YES;
				SDKROOT = iphoneos;
				SWIFT_COMPILATION_MODE = wholemodule;
				SWIFT_OPTIMIZATION_LEVEL = "-O";
				VALIDATE_PRODUCT = YES;
			};
			name = Release;
		};
		430E2EB22A99DA3F00899BA0 /* Debug */ = {
			isa = XCBuildConfiguration;
			buildSettings = {
				ASSETCATALOG_COMPILER_APPICON_NAME = AppIcon;
				ASSETCATALOG_COMPILER_GLOBAL_ACCENT_COLOR_NAME = AccentColor;
				CODE_SIGN_STYLE = Automatic;
				CURRENT_PROJECT_VERSION = 1;
				GENERATE_INFOPLIST_FILE = YES;
				INFOPLIST_FILE = RealmKakeibo/Info.plist;
				INFOPLIST_KEY_UIApplicationSupportsIndirectInputEvents = YES;
				INFOPLIST_KEY_UILaunchStoryboardName = LaunchScreen;
				INFOPLIST_KEY_UIMainStoryboardFile = Main;
				INFOPLIST_KEY_UISupportedInterfaceOrientations_iPad = "UIInterfaceOrientationPortrait UIInterfaceOrientationPortraitUpsideDown UIInterfaceOrientationLandscapeLeft UIInterfaceOrientationLandscapeRight";
				INFOPLIST_KEY_UISupportedInterfaceOrientations_iPhone = "UIInterfaceOrientationPortrait UIInterfaceOrientationLandscapeLeft UIInterfaceOrientationLandscapeRight";
				LD_RUNPATH_SEARCH_PATHS = (
					"$(inherited)",
					"@executable_path/Frameworks",
				);
				MARKETING_VERSION = 1.0;
				PRODUCT_BUNDLE_IDENTIFIER = app.Tamaru.tamachan.RealmKakeibo;
				PRODUCT_NAME = "$(TARGET_NAME)";
				SWIFT_EMIT_LOC_STRINGS = YES;
				SWIFT_VERSION = 5.0;
				TARGETED_DEVICE_FAMILY = "1,2";
			};
			name = Debug;
		};
		430E2EB32A99DA3F00899BA0 /* Release */ = {
			isa = XCBuildConfiguration;
			buildSettings = {
				ASSETCATALOG_COMPILER_APPICON_NAME = AppIcon;
				ASSETCATALOG_COMPILER_GLOBAL_ACCENT_COLOR_NAME = AccentColor;
				CODE_SIGN_STYLE = Automatic;
				CURRENT_PROJECT_VERSION = 1;
				GENERATE_INFOPLIST_FILE = YES;
				INFOPLIST_FILE = RealmKakeibo/Info.plist;
				INFOPLIST_KEY_UIApplicationSupportsIndirectInputEvents = YES;
				INFOPLIST_KEY_UILaunchStoryboardName = LaunchScreen;
				INFOPLIST_KEY_UIMainStoryboardFile = Main;
				INFOPLIST_KEY_UISupportedInterfaceOrientations_iPad = "UIInterfaceOrientationPortrait UIInterfaceOrientationPortraitUpsideDown UIInterfaceOrientationLandscapeLeft UIInterfaceOrientationLandscapeRight";
				INFOPLIST_KEY_UISupportedInterfaceOrientations_iPhone = "UIInterfaceOrientationPortrait UIInterfaceOrientationLandscapeLeft UIInterfaceOrientationLandscapeRight";
				LD_RUNPATH_SEARCH_PATHS = (
					"$(inherited)",
					"@executable_path/Frameworks",
				);
				MARKETING_VERSION = 1.0;
				PRODUCT_BUNDLE_IDENTIFIER = app.Tamaru.tamachan.RealmKakeibo;
				PRODUCT_NAME = "$(TARGET_NAME)";
				SWIFT_EMIT_LOC_STRINGS = YES;
				SWIFT_VERSION = 5.0;
				TARGETED_DEVICE_FAMILY = "1,2";
			};
			name = Release;
		};
/* End XCBuildConfiguration section */

/* Begin XCConfigurationList section */
		430E2E982A99DA3D00899BA0 /* Build configuration list for PBXProject "RealmKakeibo" */ = {
			isa = XCConfigurationList;
			buildConfigurations = (
				430E2EAF2A99DA3F00899BA0 /* Debug */,
				430E2EB02A99DA3F00899BA0 /* Release */,
			);
			defaultConfigurationIsVisible = 0;
			defaultConfigurationName = Release;
		};
		430E2EB12A99DA3F00899BA0 /* Build configuration list for PBXNativeTarget "RealmKakeibo" */ = {
			isa = XCConfigurationList;
			buildConfigurations = (
				430E2EB22A99DA3F00899BA0 /* Debug */,
				430E2EB32A99DA3F00899BA0 /* Release */,
			);
			defaultConfigurationIsVisible = 0;
			defaultConfigurationName = Release;
		};
/* End XCConfigurationList section */

/* Begin XCRemoteSwiftPackageReference section */
		430E2EB42A99DACF00899BA0 /* XCRemoteSwiftPackageReference "realm-swift" */ = {
			isa = XCRemoteSwiftPackageReference;
			repositoryURL = "https://github.com/realm/realm-swift";
			requirement = {
				branch = master;
				kind = branch;
			};
		};
/* End XCRemoteSwiftPackageReference section */

/* Begin XCSwiftPackageProductDependency section */
		430E2EB52A99DACF00899BA0 /* Realm */ = {
			isa = XCSwiftPackageProductDependency;
			package = 430E2EB42A99DACF00899BA0 /* XCRemoteSwiftPackageReference "realm-swift" */;
			productName = Realm;
		};
		430E2EB72A99DACF00899BA0 /* RealmSwift */ = {
			isa = XCSwiftPackageProductDependency;
			package = 430E2EB42A99DACF00899BA0 /* XCRemoteSwiftPackageReference "realm-swift" */;
			productName = RealmSwift;
		};
/* End XCSwiftPackageProductDependency section */
	};
	rootObject = 430E2E952A99DA3D00899BA0 /* Project object */;
}
