// !$*UTF8*$!
{
	archiveVersion = 1;
	classes = {
	};
	objectVersion = 56;
	objects = {

/* Begin PBXBuildFile section */
		437ADD212A92222F0016A8A1 /* AppDelegate.swift in Sources */ = {isa = PBXBuildFile; fileRef = 437ADD202A92222F0016A8A1 /* AppDelegate.swift */; };
		437ADD232A92222F0016A8A1 /* SceneDelegate.swift in Sources */ = {isa = PBXBuildFile; fileRef = 437ADD222A92222F0016A8A1 /* SceneDelegate.swift */; };
		437ADD252A92222F0016A8A1 /* ViewController.swift in Sources */ = {isa = PBXBuildFile; fileRef = 437ADD242A92222F0016A8A1 /* ViewController.swift */; };
		437ADD282A92222F0016A8A1 /* Main.storyboard in Resources */ = {isa = PBXBuildFile; fileRef = 437ADD262A92222F0016A8A1 /* Main.storyboard */; };
		437ADD2A2A9222300016A8A1 /* Assets.xcassets in Resources */ = {isa = PBXBuildFile; fileRef = 437ADD292A9222300016A8A1 /* Assets.xcassets */; };
		437ADD2D2A9222300016A8A1 /* LaunchScreen.storyboard in Resources */ = {isa = PBXBuildFile; fileRef = 437ADD2B2A9222300016A8A1 /* LaunchScreen.storyboard */; };
		437ADD3D2A9229040016A8A1 /* cannon.mp3 in Resources */ = {isa = PBXBuildFile; fileRef = 437ADD362A9229040016A8A1 /* cannon.mp3 */; };
		437ADD3E2A9229040016A8A1 /* elise.mp3 in Resources */ = {isa = PBXBuildFile; fileRef = 437ADD372A9229040016A8A1 /* elise.mp3 */; };
		437ADD3F2A9229040016A8A1 /* aria.mp3 in Resources */ = {isa = PBXBuildFile; fileRef = 437ADD382A9229040016A8A1 /* aria.mp3 */; };
		437ADD402A9229040016A8A1 /* Beethoven.jpg in Resources */ = {isa = PBXBuildFile; fileRef = 437ADD3A2A9229040016A8A1 /* Beethoven.jpg */; };
		437ADD412A9229040016A8A1 /* Pachelbel.jpg in Resources */ = {isa = PBXBuildFile; fileRef = 437ADD3B2A9229040016A8A1 /* Pachelbel.jpg */; };
		437ADD422A9229040016A8A1 /* Bach.jpg in Resources */ = {isa = PBXBuildFile; fileRef = 437ADD3C2A9229040016A8A1 /* Bach.jpg */; };
/* End PBXBuildFile section */

/* Begin PBXFileReference section */
		437ADD1D2A92222F0016A8A1 /* TechPod.app */ = {isa = PBXFileReference; explicitFileType = wrapper.application; includeInIndex = 0; path = TechPod.app; sourceTree = BUILT_PRODUCTS_DIR; };
		437ADD202A92222F0016A8A1 /* AppDelegate.swift */ = {isa = PBXFileReference; lastKnownFileType = sourcecode.swift; path = AppDelegate.swift; sourceTree = "<group>"; };
		437ADD222A92222F0016A8A1 /* SceneDelegate.swift */ = {isa = PBXFileReference; lastKnownFileType = sourcecode.swift; path = SceneDelegate.swift; sourceTree = "<group>"; };
		437ADD242A92222F0016A8A1 /* ViewController.swift */ = {isa = PBXFileReference; lastKnownFileType = sourcecode.swift; path = ViewController.swift; sourceTree = "<group>"; };
		437ADD272A92222F0016A8A1 /* Base */ = {isa = PBXFileReference; lastKnownFileType = file.storyboard; name = Base; path = Base.lproj/Main.storyboard; sourceTree = "<group>"; };
		437ADD292A9222300016A8A1 /* Assets.xcassets */ = {isa = PBXFileReference; lastKnownFileType = folder.assetcatalog; path = Assets.xcassets; sourceTree = "<group>"; };
		437ADD2C2A9222300016A8A1 /* Base */ = {isa = PBXFileReference; lastKnownFileType = file.storyboard; name = Base; path = Base.lproj/LaunchScreen.storyboard; sourceTree = "<group>"; };
		437ADD2E2A9222300016A8A1 /* Info.plist */ = {isa = PBXFileReference; lastKnownFileType = text.plist.xml; path = Info.plist; sourceTree = "<group>"; };
		437ADD362A9229040016A8A1 /* cannon.mp3 */ = {isa = PBXFileReference; lastKnownFileType = audio.mp3; path = cannon.mp3; sourceTree = "<group>"; };
		437ADD372A9229040016A8A1 /* elise.mp3 */ = {isa = PBXFileReference; lastKnownFileType = audio.mp3; path = elise.mp3; sourceTree = "<group>"; };
		437ADD382A9229040016A8A1 /* aria.mp3 */ = {isa = PBXFileReference; lastKnownFileType = audio.mp3; path = aria.mp3; sourceTree = "<group>"; };
		437ADD3A2A9229040016A8A1 /* Beethoven.jpg */ = {isa = PBXFileReference; lastKnownFileType = image.jpeg; path = Beethoven.jpg; sourceTree = "<group>"; };
		437ADD3B2A9229040016A8A1 /* Pachelbel.jpg */ = {isa = PBXFileReference; lastKnownFileType = image.jpeg; path = Pachelbel.jpg; sourceTree = "<group>"; };
		437ADD3C2A9229040016A8A1 /* Bach.jpg */ = {isa = PBXFileReference; lastKnownFileType = image.jpeg; path = Bach.jpg; sourceTree = "<group>"; };
/* End PBXFileReference section */

/* Begin PBXFrameworksBuildPhase section */
		437ADD1A2A92222F0016A8A1 /* Frameworks */ = {
			isa = PBXFrameworksBuildPhase;
			buildActionMask = 2147483647;
			files = (
			);
			runOnlyForDeploymentPostprocessing = 0;
		};
/* End PBXFrameworksBuildPhase section */

/* Begin PBXGroup section */
		437ADD142A92222F0016A8A1 = {
			isa = PBXGroup;
			children = (
				437ADD1F2A92222F0016A8A1 /* TechPod */,
				437ADD1E2A92222F0016A8A1 /* Products */,
			);
			sourceTree = "<group>";
		};
		437ADD1E2A92222F0016A8A1 /* Products */ = {
			isa = PBXGroup;
			children = (
				437ADD1D2A92222F0016A8A1 /* TechPod.app */,
			);
			name = Products;
			sourceTree = "<group>";
		};
		437ADD1F2A92222F0016A8A1 /* TechPod */ = {
			isa = PBXGroup;
			children = (
				437ADD202A92222F0016A8A1 /* AppDelegate.swift */,
				437ADD222A92222F0016A8A1 /* SceneDelegate.swift */,
				437ADD242A92222F0016A8A1 /* ViewController.swift */,
				437ADD262A92222F0016A8A1 /* Main.storyboard */,
				437ADD292A9222300016A8A1 /* Assets.xcassets */,
				437ADD2B2A9222300016A8A1 /* LaunchScreen.storyboard */,
				437ADD2E2A9222300016A8A1 /* Info.plist */,
				437ADD342A9229040016A8A1 /* Resources */,
			);
			path = TechPod;
			sourceTree = "<group>";
		};
		437ADD342A9229040016A8A1 /* Resources */ = {
			isa = PBXGroup;
			children = (
				437ADD352A9229040016A8A1 /* Songs */,
				437ADD392A9229040016A8A1 /* Images */,
			);
			path = Resources;
			sourceTree = "<group>";
		};
		437ADD352A9229040016A8A1 /* Songs */ = {
			isa = PBXGroup;
			children = (
				437ADD362A9229040016A8A1 /* cannon.mp3 */,
				437ADD372A9229040016A8A1 /* elise.mp3 */,
				437ADD382A9229040016A8A1 /* aria.mp3 */,
			);
			path = Songs;
			sourceTree = "<group>";
		};
		437ADD392A9229040016A8A1 /* Images */ = {
			isa = PBXGroup;
			children = (
				437ADD3A2A9229040016A8A1 /* Beethoven.jpg */,
				437ADD3B2A9229040016A8A1 /* Pachelbel.jpg */,
				437ADD3C2A9229040016A8A1 /* Bach.jpg */,
			);
			path = Images;
			sourceTree = "<group>";
		};
/* End PBXGroup section */

/* Begin PBXNativeTarget section */
		437ADD1C2A92222F0016A8A1 /* TechPod */ = {
			isa = PBXNativeTarget;
			buildConfigurationList = 437ADD312A9222300016A8A1 /* Build configuration list for PBXNativeTarget "TechPod" */;
			buildPhases = (
				437ADD192A92222F0016A8A1 /* Sources */,
				437ADD1A2A92222F0016A8A1 /* Frameworks */,
				437ADD1B2A92222F0016A8A1 /* Resources */,
			);
			buildRules = (
			);
			dependencies = (
			);
			name = TechPod;
			productName = TechPod;
			productReference = 437ADD1D2A92222F0016A8A1 /* TechPod.app */;
			productType = "com.apple.product-type.application";
		};
/* End PBXNativeTarget section */

/* Begin PBXProject section */
		437ADD152A92222F0016A8A1 /* Project object */ = {
			isa = PBXProject;
			attributes = {
				BuildIndependentTargetsInParallel = 1;
				LastSwiftUpdateCheck = 1430;
				LastUpgradeCheck = 1430;
				TargetAttributes = {
					437ADD1C2A92222F0016A8A1 = {
						CreatedOnToolsVersion = 14.3.1;
					};
				};
			};
			buildConfigurationList = 437ADD182A92222F0016A8A1 /* Build configuration list for PBXProject "TechPod" */;
			compatibilityVersion = "Xcode 14.0";
			developmentRegion = en;
			hasScannedForEncodings = 0;
			knownRegions = (
				en,
				Base,
			);
			mainGroup = 437ADD142A92222F0016A8A1;
			productRefGroup = 437ADD1E2A92222F0016A8A1 /* Products */;
			projectDirPath = "";
			projectRoot = "";
			targets = (
				437ADD1C2A92222F0016A8A1 /* TechPod */,
			);
		};
/* End PBXProject section */

/* Begin PBXResourcesBuildPhase section */
		437ADD1B2A92222F0016A8A1 /* Resources */ = {
			isa = PBXResourcesBuildPhase;
			buildActionMask = 2147483647;
			files = (
				437ADD2D2A9222300016A8A1 /* LaunchScreen.storyboard in Resources */,
				437ADD3D2A9229040016A8A1 /* cannon.mp3 in Resources */,
				437ADD422A9229040016A8A1 /* Bach.jpg in Resources */,
				437ADD3E2A9229040016A8A1 /* elise.mp3 in Resources */,
				437ADD2A2A9222300016A8A1 /* Assets.xcassets in Resources */,
				437ADD412A9229040016A8A1 /* Pachelbel.jpg in Resources */,
				437ADD282A92222F0016A8A1 /* Main.storyboard in Resources */,
				437ADD3F2A9229040016A8A1 /* aria.mp3 in Resources */,
				437ADD402A9229040016A8A1 /* Beethoven.jpg in Resources */,
			);
			runOnlyForDeploymentPostprocessing = 0;
		};
/* End PBXResourcesBuildPhase section */

/* Begin PBXSourcesBuildPhase section */
		437ADD192A92222F0016A8A1 /* Sources */ = {
			isa = PBXSourcesBuildPhase;
			buildActionMask = 2147483647;
			files = (
				437ADD252A92222F0016A8A1 /* ViewController.swift in Sources */,
				437ADD212A92222F0016A8A1 /* AppDelegate.swift in Sources */,
				437ADD232A92222F0016A8A1 /* SceneDelegate.swift in Sources */,
			);
			runOnlyForDeploymentPostprocessing = 0;
		};
/* End PBXSourcesBuildPhase section */

/* Begin PBXVariantGroup section */
		437ADD262A92222F0016A8A1 /* Main.storyboard */ = {
			isa = PBXVariantGroup;
			children = (
				437ADD272A92222F0016A8A1 /* Base */,
			);
			name = Main.storyboard;
			sourceTree = "<group>";
		};
		437ADD2B2A9222300016A8A1 /* LaunchScreen.storyboard */ = {
			isa = PBXVariantGroup;
			children = (
				437ADD2C2A9222300016A8A1 /* Base */,
			);
			name = LaunchScreen.storyboard;
			sourceTree = "<group>";
		};
/* End PBXVariantGroup section */

/* Begin XCBuildConfiguration section */
		437ADD2F2A9222300016A8A1 /* Debug */ = {
			isa = XCBuildConfiguration;
			buildSettings = {
				ALWAYS_SEARCH_USER_PATHS = NO;
				CLANG_ANALYZER_NONNULL = YES;
				CLANG_ANALYZER_NUMBER_OBJECT_CONVERSION = YES_AGGRESSIVE;
				CLANG_CXX_LANGUAGE_STANDARD = "gnu++20";
				CLANG_ENABLE_MODULES = YES;
				CLANG_ENABLE_OBJC_ARC = YES;
				CLANG_ENABLE_OBJC_WEAK = YES;
				CLANG_WARN_BLOCK_CAPTURE_AUTORELEASING = YES;
				CLANG_WARN_BOOL_CONVERSION = YES;
				CLANG_WARN_COMMA = YES;
				CLANG_WARN_CONSTANT_CONVERSION = YES;
				CLANG_WARN_DEPRECATED_OBJC_IMPLEMENTATIONS = YES;
				CLANG_WARN_DIRECT_OBJC_ISA_USAGE = YES_ERROR;
				CLANG_WARN_DOCUMENTATION_COMMENTS = YES;
				CLANG_WARN_EMPTY_BODY = YES;
				CLANG_WARN_ENUM_CONVERSION = YES;
				CLANG_WARN_INFINITE_RECURSION = YES;
				CLANG_WARN_INT_CONVERSION = YES;
				CLANG_WARN_NON_LITERAL_NULL_CONVERSION = YES;
				CLANG_WARN_OBJC_IMPLICIT_RETAIN_SELF = YES;
				CLANG_WARN_OBJC_LITERAL_CONVERSION = YES;
				CLANG_WARN_OBJC_ROOT_CLASS = YES_ERROR;
				CLANG_WARN_QUOTED_INCLUDE_IN_FRAMEWORK_HEADER = YES;
				CLANG_WARN_RANGE_LOOP_ANALYSIS = YES;
				CLANG_WARN_STRICT_PROTOTYPES = YES;
				CLANG_WARN_SUSPICIOUS_MOVE = YES;
				CLANG_WARN_UNGUARDED_AVAILABILITY = YES_AGGRESSIVE;
				CLANG_WARN_UNREACHABLE_CODE = YES;
				CLANG_WARN__DUPLICATE_METHOD_MATCH = YES;
				COPY_PHASE_STRIP = NO;
				DEBUG_INFORMATION_FORMAT = dwarf;
				ENABLE_STRICT_OBJC_MSGSEND = YES;
				ENABLE_TESTABILITY = YES;
				GCC_C_LANGUAGE_STANDARD = gnu11;
				GCC_DYNAMIC_NO_PIC = NO;
				GCC_NO_COMMON_BLOCKS = YES;
				GCC_OPTIMIZATION_LEVEL = 0;
				GCC_PREPROCESSOR_DEFINITIONS = (
					"DEBUG=1",
					"$(inherited)",
				);
				GCC_WARN_64_TO_32_BIT_CONVERSION = YES;
				GCC_WARN_ABOUT_RETURN_TYPE = YES_ERROR;
				GCC_WARN_UNDECLARED_SELECTOR = YES;
				GCC_WARN_UNINITIALIZED_AUTOS = YES_AGGRESSIVE;
				GCC_WARN_UNUSED_FUNCTION = YES;
				GCC_WARN_UNUSED_VARIABLE = YES;
				IPHONEOS_DEPLOYMENT_TARGET = 16.4;
				MTL_ENABLE_DEBUG_INFO = INCLUDE_SOURCE;
				MTL_FAST_MATH = YES;
				ONLY_ACTIVE_ARCH = YES;
				SDKROOT = iphoneos;
				SWIFT_ACTIVE_COMPILATION_CONDITIONS = DEBUG;
				SWIFT_OPTIMIZATION_LEVEL = "-Onone";
			};
			name = Debug;
		};
		437ADD302A9222300016A8A1 /* Release */ = {
			isa = XCBuildConfiguration;
			buildSettings = {
				ALWAYS_SEARCH_USER_PATHS = NO;
				CLANG_ANALYZER_NONNULL = YES;
				CLANG_ANALYZER_NUMBER_OBJECT_CONVERSION = YES_AGGRESSIVE;
				CLANG_CXX_LANGUAGE_STANDARD = "gnu++20";
				CLANG_ENABLE_MODULES = YES;
				CLANG_ENABLE_OBJC_ARC = YES;
				CLANG_ENABLE_OBJC_WEAK = YES;
				CLANG_WARN_BLOCK_CAPTURE_AUTORELEASING = YES;
				CLANG_WARN_BOOL_CONVERSION = YES;
				CLANG_WARN_COMMA = YES;
				CLANG_WARN_CONSTANT_CONVERSION = YES;
				CLANG_WARN_DEPRECATED_OBJC_IMPLEMENTATIONS = YES;
				CLANG_WARN_DIRECT_OBJC_ISA_USAGE = YES_ERROR;
				CLANG_WARN_DOCUMENTATION_COMMENTS = YES;
				CLANG_WARN_EMPTY_BODY = YES;
				CLANG_WARN_ENUM_CONVERSION = YES;
				CLANG_WARN_INFINITE_RECURSION = YES;
				CLANG_WARN_INT_CONVERSION = YES;
				CLANG_WARN_NON_LITERAL_NULL_CONVERSION = YES;
				CLANG_WARN_OBJC_IMPLICIT_RETAIN_SELF = YES;
				CLANG_WARN_OBJC_LITERAL_CONVERSION = YES;
				CLANG_WARN_OBJC_ROOT_CLASS = YES_ERROR;
				CLANG_WARN_QUOTED_INCLUDE_IN_FRAMEWORK_HEADER = YES;
				CLANG_WARN_RANGE_LOOP_ANALYSIS = YES;
				CLANG_WARN_STRICT_PROTOTYPES = YES;
				CLANG_WARN_SUSPICIOUS_MOVE = YES;
				CLANG_WARN_UNGUARDED_AVAILABILITY = YES_AGGRESSIVE;
				CLANG_WARN_UNREACHABLE_CODE = YES;
				CLANG_WARN__DUPLICATE_METHOD_MATCH = YES;
				COPY_PHASE_STRIP = NO;
				DEBUG_INFORMATION_FORMAT = "dwarf-with-dsym";
				ENABLE_NS_ASSERTIONS = NO;
				ENABLE_STRICT_OBJC_MSGSEND = YES;
				GCC_C_LANGUAGE_STANDARD = gnu11;
				GCC_NO_COMMON_BLOCKS = YES;
				GCC_WARN_64_TO_32_BIT_CONVERSION = YES;
				GCC_WARN_ABOUT_RETURN_TYPE = YES_ERROR;
				GCC_WARN_UNDECLARED_SELECTOR = YES;
				GCC_WARN_UNINITIALIZED_AUTOS = YES_AGGRESSIVE;
				GCC_WARN_UNUSED_FUNCTION = YES;
				GCC_WARN_UNUSED_VARIABLE = YES;
				IPHONEOS_DEPLOYMENT_TARGET = 16.4;
				MTL_ENABLE_DEBUG_INFO = NO;
				MTL_FAST_MATH = YES;
				SDKROOT = iphoneos;
				SWIFT_COMPILATION_MODE = wholemodule;
				SWIFT_OPTIMIZATION_LEVEL = "-O";
				VALIDATE_PRODUCT = YES;
			};
			name = Release;
		};
		437ADD322A9222300016A8A1 /* Debug */ = {
			isa = XCBuildConfiguration;
			buildSettings = {
				ASSETCATALOG_COMPILER_APPICON_NAME = AppIcon;
				ASSETCATALOG_COMPILER_GLOBAL_ACCENT_COLOR_NAME = AccentColor;
				CODE_SIGN_STYLE = Automatic;
				CURRENT_PROJECT_VERSION = 1;
				DEVELOPMENT_TEAM = "";
				GENERATE_INFOPLIST_FILE = YES;
				INFOPLIST_FILE = TechPod/Info.plist;
				INFOPLIST_KEY_UIApplicationSupportsIndirectInputEvents = YES;
				INFOPLIST_KEY_UILaunchStoryboardName = LaunchScreen;
				INFOPLIST_KEY_UIMainStoryboardFile = Main;
				INFOPLIST_KEY_UISupportedInterfaceOrientations_iPad = "UIInterfaceOrientationPortrait UIInterfaceOrientationPortraitUpsideDown UIInterfaceOrientationLandscapeLeft UIInterfaceOrientationLandscapeRight";
				INFOPLIST_KEY_UISupportedInterfaceOrientations_iPhone = "UIInterfaceOrientationPortrait UIInterfaceOrientationLandscapeLeft UIInterfaceOrientationLandscapeRight";
				LD_RUNPATH_SEARCH_PATHS = (
					"$(inherited)",
					"@executable_path/Frameworks",
				);
				MARKETING_VERSION = 1.0;
				PRODUCT_BUNDLE_IDENTIFIER = app.shota.tamachan.TechPod;
				PRODUCT_NAME = "$(TARGET_NAME)";
				SWIFT_EMIT_LOC_STRINGS = YES;
				SWIFT_VERSION = 5.0;
				TARGETED_DEVICE_FAMILY = "1,2";
			};
			name = Debug;
		};
		437ADD332A9222300016A8A1 /* Release */ = {
			isa = XCBuildConfiguration;
			buildSettings = {
				ASSETCATALOG_COMPILER_APPICON_NAME = AppIcon;
				ASSETCATALOG_COMPILER_GLOBAL_ACCENT_COLOR_NAME = AccentColor;
				CODE_SIGN_STYLE = Automatic;
				CURRENT_PROJECT_VERSION = 1;
				DEVELOPMENT_TEAM = "";
				GENERATE_INFOPLIST_FILE = YES;
				INFOPLIST_FILE = TechPod/Info.plist;
				INFOPLIST_KEY_UIApplicationSupportsIndirectInputEvents = YES;
				INFOPLIST_KEY_UILaunchStoryboardName = LaunchScreen;
				INFOPLIST_KEY_UIMainStoryboardFile = Main;
				INFOPLIST_KEY_UISupportedInterfaceOrientations_iPad = "UIInterfaceOrientationPortrait UIInterfaceOrientationPortraitUpsideDown UIInterfaceOrientationLandscapeLeft UIInterfaceOrientationLandscapeRight";
				INFOPLIST_KEY_UISupportedInterfaceOrientations_iPhone = "UIInterfaceOrientationPortrait UIInterfaceOrientationLandscapeLeft UIInterfaceOrientationLandscapeRight";
				LD_RUNPATH_SEARCH_PATHS = (
					"$(inherited)",
					"@executable_path/Frameworks",
				);
				MARKETING_VERSION = 1.0;
				PRODUCT_BUNDLE_IDENTIFIER = app.shota.tamachan.TechPod;
				PRODUCT_NAME = "$(TARGET_NAME)";
				SWIFT_EMIT_LOC_STRINGS = YES;
				SWIFT_VERSION = 5.0;
				TARGETED_DEVICE_FAMILY = "1,2";
			};
			name = Release;
		};
/* End XCBuildConfiguration section */

/* Begin XCConfigurationList section */
		437ADD182A92222F0016A8A1 /* Build configuration list for PBXProject "TechPod" */ = {
			isa = XCConfigurationList;
			buildConfigurations = (
				437ADD2F2A9222300016A8A1 /* Debug */,
				437ADD302A9222300016A8A1 /* Release */,
			);
			defaultConfigurationIsVisible = 0;
			defaultConfigurationName = Release;
		};
		437ADD312A9222300016A8A1 /* Build configuration list for PBXNativeTarget "TechPod" */ = {
			isa = XCConfigurationList;
			buildConfigurations = (
				437ADD322A9222300016A8A1 /* Debug */,
				437ADD332A9222300016A8A1 /* Release */,
			);
			defaultConfigurationIsVisible = 0;
			defaultConfigurationName = Release;
		};
/* End XCConfigurationList section */
	};
	rootObject = 437ADD152A92222F0016A8A1 /* Project object */;
}
